Microsoft Visual Studio Solution File, Format Version 12.00
# Visual Studio Version 17
VisualStudioVersion = 17.5.2.0
MinimumVisualStudioVersion = 10.0.40219.1
Project("{FAE04EC0-301F-11D3-BF4B-00C04F79EFBC}") = "Jellyfin.Plugin.JavaScriptInjector", "Jellyfin.Plugin.JavaScriptInjector.csproj", "{E9ECFAFA-99EA-E9A4-E176-FDCB79A40B78}"
EndProject
Global
	GlobalSection(SolutionConfigurationPlatforms) = preSolution
		Debug|Any CPU = Debug|Any CPU
		Release|Any CPU = Release|Any CPU
	EndGlobalSection
	GlobalSection(ProjectConfigurationPlatforms) = postSolution
		{E9ECFAFA-99EA-E9A4-E176-FDCB79A40B78}.Debug|Any CPU.ActiveCfg = Debug|Any CPU
		{E9ECFAFA-99EA-E9A4-E176-FDCB79A40B78}.Debug|Any CPU.Build.0 = Debug|Any CPU
		{E9ECFAFA-99EA-E9A4-E176-FDCB79A40B78}.Release|Any CPU.ActiveCfg = Release|Any CPU
		{E9ECFAFA-99EA-E9A4-E176-FDCB79A40B78}.Release|Any CPU.Build.0 = Release|Any CPU
	EndGlobalSection
	GlobalSection(SolutionProperties) = preSolution
		HideSolutionNode = FALSE
	EndGlobalSection
	GlobalSection(ExtensibilityGlobals) = postSolution
		SolutionGuid = {D8365F42-4DB9-4598-88FB-2F3B051FBAA3}
	EndGlobalSection
EndGlobal
